
Microsoft Visual Studio Solution File, Format Version 12.00
# Visual Studio Version 17
VisualStudioVersion = 17.10.35027.167
MinimumVisualStudioVersion = 10.0.40219.1
Project("{8BC9CEB8-8B4A-11D0-8D11-00A0C91BC942}") = "FMOD_SETUP", "FMOD_SETUP.vcxproj", "{C73941E4-DA77-4073-9F2F-E76B4DF4A6A0}"
EndProject
Global
	GlobalSection(SolutionConfigurationPlatforms) = preSolution
		Debug|x64 = Debug|x64
		Debug|x86 = Debug|x86
		Release|x64 = Release|x64
		Release|x86 = Release|x86
	EndGlobalSection
	GlobalSection(ProjectConfigurationPlatforms) = postSolution
		{C73941E4-DA77-4073-9F2F-E76B4DF4A6A0}.Debug|x64.ActiveCfg = Debug|x64
		{C73941E4-DA77-4073-9F2F-E76B4DF4A6A0}.Debug|x64.Build.0 = Debug|x64
		{C73941E4-DA77-4073-9F2F-E76B4DF4A6A0}.Debug|x86.ActiveCfg = Debug|Win32
		{C73941E4-DA77-4073-9F2F-E76B4DF4A6A0}.Debug|x86.Build.0 = Debug|Win32
		{C73941E4-DA77-4073-9F2F-E76B4DF4A6A0}.Release|x64.ActiveCfg = Release|x64
		{C73941E4-DA77-4073-9F2F-E76B4DF4A6A0}.Release|x64.Build.0 = Release|x64
		{C73941E4-DA77-4073-9F2F-E76B4DF4A6A0}.Release|x86.ActiveCfg = Release|Win32
		{C73941E4-DA77-4073-9F2F-E76B4DF4A6A0}.Release|x86.Build.0 = Release|Win32
	EndGlobalSection
	GlobalSection(SolutionProperties) = preSolution
		HideSolutionNode = FALSE
	EndGlobalSection
	GlobalSection(ExtensibilityGlobals) = postSolution
		SolutionGuid = {E945B678-5D99-4EE8-90E8-7C10C01358D6}
	EndGlobalSection
EndGlobal
